
Microsoft Visual Studio Solution File, Format Version 12.00
# Visual Studio Version 17
VisualStudioVersion = 17.5.33530.505
MinimumVisualStudioVersion = 10.0.40219.1
Project("{FAE04EC0-301F-11D3-BF4B-00C04F79EFBC}") = "hangm", "hangm\hangm.csproj", "{035E9E4B-0D84-4024-98AB-9CA6B78319C2}"
EndProject
Global
	GlobalSection(SolutionConfigurationPlatforms) = preSolution
		Debug|Any CPU = Debug|Any CPU
		Release|Any CPU = Release|Any CPU
	EndGlobalSection
	GlobalSection(ProjectConfigurationPlatforms) = postSolution
		{035E9E4B-0D84-4024-98AB-9CA6B78319C2}.Debug|Any CPU.ActiveCfg = Debug|Any CPU
		{035E9E4B-0D84-4024-98AB-9CA6B78319C2}.Debug|Any CPU.Build.0 = Debug|Any CPU
		{035E9E4B-0D84-4024-98AB-9CA6B78319C2}.Release|Any CPU.ActiveCfg = Release|Any CPU
		{035E9E4B-0D84-4024-98AB-9CA6B78319C2}.Release|Any CPU.Build.0 = Release|Any CPU
	EndGlobalSection
	GlobalSection(SolutionProperties) = preSolution
		HideSolutionNode = FALSE
	EndGlobalSection
	GlobalSection(ExtensibilityGlobals) = postSolution
		SolutionGuid = {CAF349AD-8FF3-466F-9BF9-1BFB0DF07678}
	EndGlobalSection
EndGlobal
